// !$*UTF8*$!
{
	archiveVersion = 1;
	classes = {
	};
	objectVersion = 46;
	objects = {

/* Begin PBXBuildFile section */
		6731CA541698DC660059EA97 /* MosaicData.m in Sources */ = {isa = PBXBuildFile; fileRef = 6731CA451698DC660059EA97 /* MosaicData.m */; };
		6731CA551698DC660059EA97 /* TwoDimentionalArray.m in Sources */ = {isa = PBXBuildFile; fileRef = 6731CA481698DC660059EA97 /* TwoDimentionalArray.m */; };
		6731CA561698DC660059EA97 /* MosaicDataView.m in Sources */ = {isa = PBXBuildFile; fileRef = 6731CA4F1698DC660059EA97 /* MosaicDataView.m */; };
		6731CA571698DC660059EA97 /* MosaicView.m in Sources */ = {isa = PBXBuildFile; fileRef = 6731CA511698DC660059EA97 /* MosaicView.m */; };
		6731CA6E1698E8C50059EA97 /* 001.jpg in Resources */ = {isa = PBXBuildFile; fileRef = 6731CA671698E8C50059EA97 /* 001.jpg */; };
		6731CA6F1698E8C50059EA97 /* 002.jpg in Resources */ = {isa = PBXBuildFile; fileRef = 6731CA681698E8C50059EA97 /* 002.jpg */; };
		6731CA701698E8C50059EA97 /* 003.jpg in Resources */ = {isa = PBXBuildFile; fileRef = 6731CA691698E8C50059EA97 /* 003.jpg */; };
		6731CA711698E8C50059EA97 /* 004.jpg in Resources */ = {isa = PBXBuildFile; fileRef = 6731CA6A1698E8C50059EA97 /* 004.jpg */; };
		6731CA731698E8C50059EA97 /* 006.jpg in Resources */ = {isa = PBXBuildFile; fileRef = 6731CA6C1698E8C50059EA97 /* 006.jpg */; };
		6731CA741698E8C50059EA97 /* 007.jpg in Resources */ = {isa = PBXBuildFile; fileRef = 6731CA6D1698E8C50059EA97 /* 007.jpg */; };
		6731CA781698EB2B0059EA97 /* 005.jpg in Resources */ = {isa = PBXBuildFile; fileRef = 6731CA751698EB2B0059EA97 /* 005.jpg */; };
		6731CA791698EB2B0059EA97 /* 008.jpg in Resources */ = {isa = PBXBuildFile; fileRef = 6731CA761698EB2B0059EA97 /* 008.jpg */; };
		6731CA7A1698EB2B0059EA97 /* 009.jpg in Resources */ = {isa = PBXBuildFile; fileRef = 6731CA771698EB2B0059EA97 /* 009.jpg */; };
		674171751634B6AF002A8B4A /* UIKit.framework in Frameworks */ = {isa = PBXBuildFile; fileRef = 674171741634B6AF002A8B4A /* UIKit.framework */; };
		674171771634B6AF002A8B4A /* Foundation.framework in Frameworks */ = {isa = PBXBuildFile; fileRef = 674171761634B6AF002A8B4A /* Foundation.framework */; };
		674171791634B6AF002A8B4A /* CoreGraphics.framework in Frameworks */ = {isa = PBXBuildFile; fileRef = 674171781634B6AF002A8B4A /* CoreGraphics.framework */; };
		6741717F1634B6AF002A8B4A /* InfoPlist.strings in Resources */ = {isa = PBXBuildFile; fileRef = 6741717D1634B6AF002A8B4A /* InfoPlist.strings */; };
		674171811634B6AF002A8B4A /* main.m in Sources */ = {isa = PBXBuildFile; fileRef = 674171801634B6AF002A8B4A /* main.m */; };
		674171851634B6AF002A8B4A /* AppDelegate.m in Sources */ = {isa = PBXBuildFile; fileRef = 674171841634B6AF002A8B4A /* AppDelegate.m */; };
		674171871634B6AF002A8B4A /* Default.png in Resources */ = {isa = PBXBuildFile; fileRef = 674171861634B6AF002A8B4A /* Default.png */; };
		674171891634B6AF002A8B4A /* Default@2x.png in Resources */ = {isa = PBXBuildFile; fileRef = 674171881634B6AF002A8B4A /* Default@2x.png */; };
		6741718B1634B6AF002A8B4A /* Default-568h@2x.png in Resources */ = {isa = PBXBuildFile; fileRef = 6741718A1634B6AF002A8B4A /* Default-568h@2x.png */; };
		67B49C3E1637399B005869DA /* ViewController.m in Sources */ = {isa = PBXBuildFile; fileRef = 67B49C391637399B005869DA /* ViewController.m */; };
		67B49C42163739FA005869DA /* CustomMosaicDatasource.m in Sources */ = {isa = PBXBuildFile; fileRef = 67B49C41163739FA005869DA /* CustomMosaicDatasource.m */; };
		67B49C4816373D47005869DA /* data.json in Resources */ = {isa = PBXBuildFile; fileRef = 67B49C4716373D47005869DA /* data.json */; };
		67C20A21164BF9B3007A77F9 /* Storyboard.storyboard in Resources */ = {isa = PBXBuildFile; fileRef = 67C20A20164BF9B3007A77F9 /* Storyboard.storyboard */; };
/* End PBXBuildFile section */

/* Begin PBXFileReference section */
		6731CA441698DC660059EA97 /* MosaicData.h */ = {isa = PBXFileReference; fileEncoding = 4; lastKnownFileType = sourcecode.c.h; path = MosaicData.h; sourceTree = "<group>"; };
		6731CA451698DC660059EA97 /* MosaicData.m */ = {isa = PBXFileReference; fileEncoding = 4; lastKnownFileType = sourcecode.c.objc; path = MosaicData.m; sourceTree = "<group>"; };
		6731CA471698DC660059EA97 /* TwoDimentionalArray.h */ = {isa = PBXFileReference; fileEncoding = 4; lastKnownFileType = sourcecode.c.h; path = TwoDimentionalArray.h; sourceTree = "<group>"; };
		6731CA481698DC660059EA97 /* TwoDimentionalArray.m */ = {isa = PBXFileReference; fileEncoding = 4; lastKnownFileType = sourcecode.c.objc; path = TwoDimentionalArray.m; sourceTree = "<group>"; };
		6731CA4A1698DC660059EA97 /* MosaicViewDatasourceProtocol.h */ = {isa = PBXFileReference; fileEncoding = 4; lastKnownFileType = sourcecode.c.h; path = MosaicViewDatasourceProtocol.h; sourceTree = "<group>"; };
		6731CA4B1698DC660059EA97 /* MosaicViewDelegateProtocol.h */ = {isa = PBXFileReference; fileEncoding = 4; lastKnownFileType = sourcecode.c.h; path = MosaicViewDelegateProtocol.h; sourceTree = "<group>"; };
		6731CA4E1698DC660059EA97 /* MosaicDataView.h */ = {isa = PBXFileReference; fileEncoding = 4; lastKnownFileType = sourcecode.c.h; path = MosaicDataView.h; sourceTree = "<group>"; };
		6731CA4F1698DC660059EA97 /* MosaicDataView.m */ = {isa = PBXFileReference; fileEncoding = 4; lastKnownFileType = sourcecode.c.objc; path = MosaicDataView.m; sourceTree = "<group>"; };
		6731CA501698DC660059EA97 /* MosaicView.h */ = {isa = PBXFileReference; fileEncoding = 4; lastKnownFileType = sourcecode.c.h; path = MosaicView.h; sourceTree = "<group>"; };
		6731CA511698DC660059EA97 /* MosaicView.m */ = {isa = PBXFileReference; fileEncoding = 4; lastKnownFileType = sourcecode.c.objc; path = MosaicView.m; sourceTree = "<group>"; };
		6731CA671698E8C50059EA97 /* 001.jpg */ = {isa = PBXFileReference; lastKnownFileType = image.jpeg; path = 001.jpg; sourceTree = "<group>"; };
		6731CA681698E8C50059EA97 /* 002.jpg */ = {isa = PBXFileReference; lastKnownFileType = image.jpeg; path = 002.jpg; sourceTree = "<group>"; };
		6731CA691698E8C50059EA97 /* 003.jpg */ = {isa = PBXFileReference; lastKnownFileType = image.jpeg; path = 003.jpg; sourceTree = "<group>"; };
		6731CA6A1698E8C50059EA97 /* 004.jpg */ = {isa = PBXFileReference; lastKnownFileType = image.jpeg; path = 004.jpg; sourceTree = "<group>"; };
		6731CA6C1698E8C50059EA97 /* 006.jpg */ = {isa = PBXFileReference; lastKnownFileType = image.jpeg; path = 006.jpg; sourceTree = "<group>"; };
		6731CA6D1698E8C50059EA97 /* 007.jpg */ = {isa = PBXFileReference; lastKnownFileType = image.jpeg; path = 007.jpg; sourceTree = "<group>"; };
		6731CA751698EB2B0059EA97 /* 005.jpg */ = {isa = PBXFileReference; lastKnownFileType = image.jpeg; path = 005.jpg; sourceTree = "<group>"; };
		6731CA761698EB2B0059EA97 /* 008.jpg */ = {isa = PBXFileReference; lastKnownFileType = image.jpeg; path = 008.jpg; sourceTree = "<group>"; };
		6731CA771698EB2B0059EA97 /* 009.jpg */ = {isa = PBXFileReference; lastKnownFileType = image.jpeg; path = 009.jpg; sourceTree = "<group>"; };
		674171701634B6AF002A8B4A /* MosaicUI.app */ = {isa = PBXFileReference; explicitFileType = wrapper.application; includeInIndex = 0; path = MosaicUI.app; sourceTree = BUILT_PRODUCTS_DIR; };
		674171741634B6AF002A8B4A /* UIKit.framework */ = {isa = PBXFileReference; lastKnownFileType = wrapper.framework; name = UIKit.framework; path = System/Library/Frameworks/UIKit.framework; sourceTree = SDKROOT; };
		674171761634B6AF002A8B4A /* Foundation.framework */ = {isa = PBXFileReference; lastKnownFileType = wrapper.framework; name = Foundation.framework; path = System/Library/Frameworks/Foundation.framework; sourceTree = SDKROOT; };
		674171781634B6AF002A8B4A /* CoreGraphics.framework */ = {isa = PBXFileReference; lastKnownFileType = wrapper.framework; name = CoreGraphics.framework; path = System/Library/Frameworks/CoreGraphics.framework; sourceTree = SDKROOT; };
		6741717C1634B6AF002A8B4A /* MosaicUI-Info.plist */ = {isa = PBXFileReference; lastKnownFileType = text.plist.xml; path = "MosaicUI-Info.plist"; sourceTree = "<group>"; };
		6741717E1634B6AF002A8B4A /* en */ = {isa = PBXFileReference; lastKnownFileType = text.plist.strings; name = en; path = en.lproj/InfoPlist.strings; sourceTree = "<group>"; };
		674171801634B6AF002A8B4A /* main.m */ = {isa = PBXFileReference; lastKnownFileType = sourcecode.c.objc; path = main.m; sourceTree = "<group>"; };
		674171821634B6AF002A8B4A /* MosaicUI-Prefix.pch */ = {isa = PBXFileReference; lastKnownFileType = sourcecode.c.h; path = "MosaicUI-Prefix.pch"; sourceTree = "<group>"; };
		674171831634B6AF002A8B4A /* AppDelegate.h */ = {isa = PBXFileReference; lastKnownFileType = sourcecode.c.h; path = AppDelegate.h; sourceTree = "<group>"; };
		674171841634B6AF002A8B4A /* AppDelegate.m */ = {isa = PBXFileReference; lastKnownFileType = sourcecode.c.objc; path = AppDelegate.m; sourceTree = "<group>"; };
		674171861634B6AF002A8B4A /* Default.png */ = {isa = PBXFileReference; lastKnownFileType = image.png; path = Default.png; sourceTree = "<group>"; };
		674171881634B6AF002A8B4A /* Default@2x.png */ = {isa = PBXFileReference; lastKnownFileType = image.png; path = "Default@2x.png"; sourceTree = "<group>"; };
		6741718A1634B6AF002A8B4A /* Default-568h@2x.png */ = {isa = PBXFileReference; lastKnownFileType = image.png; path = "Default-568h@2x.png"; sourceTree = "<group>"; };
		67B49C381637399B005869DA /* ViewController.h */ = {isa = PBXFileReference; fileEncoding = 4; lastKnownFileType = sourcecode.c.h; path = ViewController.h; sourceTree = "<group>"; };
		67B49C391637399B005869DA /* ViewController.m */ = {isa = PBXFileReference; fileEncoding = 4; lastKnownFileType = sourcecode.c.objc; path = ViewController.m; sourceTree = "<group>"; };
		67B49C40163739FA005869DA /* CustomMosaicDatasource.h */ = {isa = PBXFileReference; fileEncoding = 4; lastKnownFileType = sourcecode.c.h; path = CustomMosaicDatasource.h; sourceTree = "<group>"; };
		67B49C41163739FA005869DA /* CustomMosaicDatasource.m */ = {isa = PBXFileReference; fileEncoding = 4; lastKnownFileType = sourcecode.c.objc; path = CustomMosaicDatasource.m; sourceTree = "<group>"; };
		67B49C4716373D47005869DA /* data.json */ = {isa = PBXFileReference; fileEncoding = 4; lastKnownFileType = text.json; name = data.json; path = MosaicUI/Resources/data.json; sourceTree = SOURCE_ROOT; };
		67C20A20164BF9B3007A77F9 /* Storyboard.storyboard */ = {isa = PBXFileReference; fileEncoding = 4; lastKnownFileType = file.storyboard; path = Storyboard.storyboard; sourceTree = "<group>"; };
/* End PBXFileReference section */

/* Begin PBXFrameworksBuildPhase section */
		6741716D1634B6AF002A8B4A /* Frameworks */ = {
			isa = PBXFrameworksBuildPhase;
			buildActionMask = 2147483647;
			files = (
				674171751634B6AF002A8B4A /* UIKit.framework in Frameworks */,
				674171771634B6AF002A8B4A /* Foundation.framework in Frameworks */,
				674171791634B6AF002A8B4A /* CoreGraphics.framework in Frameworks */,
			);
			runOnlyForDeploymentPostprocessing = 0;
		};
/* End PBXFrameworksBuildPhase section */

/* Begin PBXGroup section */
		6731CA421698DC660059EA97 /* MosaicUI */ = {
			isa = PBXGroup;
			children = (
				6731CA431698DC660059EA97 /* Entities */,
				6731CA461698DC660059EA97 /* Logic */,
				6731CA491698DC660059EA97 /* Protocols */,
				6731CA4D1698DC660059EA97 /* Views */,
			);
			path = MosaicUI;
			sourceTree = "<group>";
		};
		6731CA431698DC660059EA97 /* Entities */ = {
			isa = PBXGroup;
			children = (
				6731CA441698DC660059EA97 /* MosaicData.h */,
				6731CA451698DC660059EA97 /* MosaicData.m */,
			);
			path = Entities;
			sourceTree = "<group>";
		};
		6731CA461698DC660059EA97 /* Logic */ = {
			isa = PBXGroup;
			children = (
				6731CA471698DC660059EA97 /* TwoDimentionalArray.h */,
				6731CA481698DC660059EA97 /* TwoDimentionalArray.m */,
			);
			path = Logic;
			sourceTree = "<group>";
		};
		6731CA491698DC660059EA97 /* Protocols */ = {
			isa = PBXGroup;
			children = (
				6731CA4A1698DC660059EA97 /* MosaicViewDatasourceProtocol.h */,
				6731CA4B1698DC660059EA97 /* MosaicViewDelegateProtocol.h */,
			);
			path = Protocols;
			sourceTree = "<group>";
		};
		6731CA4D1698DC660059EA97 /* Views */ = {
			isa = PBXGroup;
			children = (
				6731CA4E1698DC660059EA97 /* MosaicDataView.h */,
				6731CA4F1698DC660059EA97 /* MosaicDataView.m */,
				6731CA501698DC660059EA97 /* MosaicView.h */,
				6731CA511698DC660059EA97 /* MosaicView.m */,
			);
			path = Views;
			sourceTree = "<group>";
		};
		674171651634B6AF002A8B4A = {
			isa = PBXGroup;
			children = (
				6741717A1634B6AF002A8B4A /* MosaicUI */,
				674171731634B6AF002A8B4A /* Frameworks */,
				674171711634B6AF002A8B4A /* Products */,
				6741719A1634B910002A8B4A /* Resources */,
			);
			sourceTree = "<group>";
		};
		674171711634B6AF002A8B4A /* Products */ = {
			isa = PBXGroup;
			children = (
				674171701634B6AF002A8B4A /* MosaicUI.app */,
			);
			name = Products;
			sourceTree = "<group>";
		};
		674171731634B6AF002A8B4A /* Frameworks */ = {
			isa = PBXGroup;
			children = (
				674171741634B6AF002A8B4A /* UIKit.framework */,
				674171761634B6AF002A8B4A /* Foundation.framework */,
				674171781634B6AF002A8B4A /* CoreGraphics.framework */,
			);
			name = Frameworks;
			sourceTree = "<group>";
		};
		6741717A1634B6AF002A8B4A /* MosaicUI */ = {
			isa = PBXGroup;
			children = (
				67B49C321637399B005869DA /* Classes */,
				67C20A20164BF9B3007A77F9 /* Storyboard.storyboard */,
				674171831634B6AF002A8B4A /* AppDelegate.h */,
				674171841634B6AF002A8B4A /* AppDelegate.m */,
				6741717B1634B6AF002A8B4A /* Supporting Files */,
			);
			path = MosaicUI;
			sourceTree = "<group>";
		};
		6741717B1634B6AF002A8B4A /* Supporting Files */ = {
			isa = PBXGroup;
			children = (
				6741717C1634B6AF002A8B4A /* MosaicUI-Info.plist */,
				6741717D1634B6AF002A8B4A /* InfoPlist.strings */,
				674171801634B6AF002A8B4A /* main.m */,
				674171821634B6AF002A8B4A /* MosaicUI-Prefix.pch */,
				674171861634B6AF002A8B4A /* Default.png */,
				674171881634B6AF002A8B4A /* Default@2x.png */,
				6741718A1634B6AF002A8B4A /* Default-568h@2x.png */,
			);
			name = "Supporting Files";
			sourceTree = "<group>";
		};
		6741719A1634B910002A8B4A /* Resources */ = {
			isa = PBXGroup;
			children = (
				67B49C4716373D47005869DA /* data.json */,
				6741719B1634B910002A8B4A /* Assets */,
			);
			name = Resources;
			path = MosaicUI/Resources;
			sourceTree = "<group>";
		};
		6741719B1634B910002A8B4A /* Assets */ = {
			isa = PBXGroup;
			children = (
				6731CA751698EB2B0059EA97 /* 005.jpg */,
				6731CA761698EB2B0059EA97 /* 008.jpg */,
				6731CA771698EB2B0059EA97 /* 009.jpg */,
				6731CA671698E8C50059EA97 /* 001.jpg */,
				6731CA681698E8C50059EA97 /* 002.jpg */,
				6731CA691698E8C50059EA97 /* 003.jpg */,
				6731CA6A1698E8C50059EA97 /* 004.jpg */,
				6731CA6C1698E8C50059EA97 /* 006.jpg */,
				6731CA6D1698E8C50059EA97 /* 007.jpg */,
			);
			path = Assets;
			sourceTree = "<group>";
		};
		67B49C321637399B005869DA /* Classes */ = {
			isa = PBXGroup;
			children = (
				6731CA421698DC660059EA97 /* MosaicUI */,
				67B49C361637399B005869DA /* Logic */,
				67B49C371637399B005869DA /* ViewControllers */,
			);
			path = Classes;
			sourceTree = "<group>";
		};
		67B49C361637399B005869DA /* Logic */ = {
			isa = PBXGroup;
			children = (
				67B49C40163739FA005869DA /* CustomMosaicDatasource.h */,
				67B49C41163739FA005869DA /* CustomMosaicDatasource.m */,
			);
			path = Logic;
			sourceTree = "<group>";
		};
		67B49C371637399B005869DA /* ViewControllers */ = {
			isa = PBXGroup;
			children = (
				67B49C381637399B005869DA /* ViewController.h */,
				67B49C391637399B005869DA /* ViewController.m */,
			);
			path = ViewControllers;
			sourceTree = "<group>";
		};
/* End PBXGroup section */

/* Begin PBXNativeTarget section */
		6741716F1634B6AF002A8B4A /* MosaicUI */ = {
			isa = PBXNativeTarget;
			buildConfigurationList = 674171941634B6AF002A8B4A /* Build configuration list for PBXNativeTarget "MosaicUI" */;
			buildPhases = (
				6741716C1634B6AF002A8B4A /* Sources */,
				6741716D1634B6AF002A8B4A /* Frameworks */,
				6741716E1634B6AF002A8B4A /* Resources */,
			);
			buildRules = (
			);
			dependencies = (
			);
			name = MosaicUI;
			productName = MosaicUI;
			productReference = 674171701634B6AF002A8B4A /* MosaicUI.app */;
			productType = "com.apple.product-type.application";
		};
/* End PBXNativeTarget section */

/* Begin PBXProject section */
		674171671634B6AF002A8B4A /* Project object */ = {
			isa = PBXProject;
			attributes = {
				LastUpgradeCheck = 0450;
				ORGANIZATIONNAME = betzerra;
			};
			buildConfigurationList = 6741716A1634B6AF002A8B4A /* Build configuration list for PBXProject "MosaicUI" */;
			compatibilityVersion = "Xcode 3.2";
			developmentRegion = English;
			hasScannedForEncodings = 0;
			knownRegions = (
				en,
			);
			mainGroup = 674171651634B6AF002A8B4A;
			productRefGroup = 674171711634B6AF002A8B4A /* Products */;
			projectDirPath = "";
			projectRoot = "";
			targets = (
				6741716F1634B6AF002A8B4A /* MosaicUI */,
			);
		};
/* End PBXProject section */

/* Begin PBXResourcesBuildPhase section */
		6741716E1634B6AF002A8B4A /* Resources */ = {
			isa = PBXResourcesBuildPhase;
			buildActionMask = 2147483647;
			files = (
				6741717F1634B6AF002A8B4A /* InfoPlist.strings in Resources */,
				674171871634B6AF002A8B4A /* Default.png in Resources */,
				674171891634B6AF002A8B4A /* Default@2x.png in Resources */,
				6741718B1634B6AF002A8B4A /* Default-568h@2x.png in Resources */,
				67B49C4816373D47005869DA /* data.json in Resources */,
				67C20A21164BF9B3007A77F9 /* Storyboard.storyboard in Resources */,
				6731CA6E1698E8C50059EA97 /* 001.jpg in Resources */,
				6731CA6F1698E8C50059EA97 /* 002.jpg in Resources */,
				6731CA701698E8C50059EA97 /* 003.jpg in Resources */,
				6731CA711698E8C50059EA97 /* 004.jpg in Resources */,
				6731CA731698E8C50059EA97 /* 006.jpg in Resources */,
				6731CA741698E8C50059EA97 /* 007.jpg in Resources */,
				6731CA781698EB2B0059EA97 /* 005.jpg in Resources */,
				6731CA791698EB2B0059EA97 /* 008.jpg in Resources */,
				6731CA7A1698EB2B0059EA97 /* 009.jpg in Resources */,
			);
			runOnlyForDeploymentPostprocessing = 0;
		};
/* End PBXResourcesBuildPhase section */

/* Begin PBXSourcesBuildPhase section */
		6741716C1634B6AF002A8B4A /* Sources */ = {
			isa = PBXSourcesBuildPhase;
			buildActionMask = 2147483647;
			files = (
				674171811634B6AF002A8B4A /* main.m in Sources */,
				674171851634B6AF002A8B4A /* AppDelegate.m in Sources */,
				67B49C3E1637399B005869DA /* ViewController.m in Sources */,
				67B49C42163739FA005869DA /* CustomMosaicDatasource.m in Sources */,
				6731CA541698DC660059EA97 /* MosaicData.m in Sources */,
				6731CA551698DC660059EA97 /* TwoDimentionalArray.m in Sources */,
				6731CA561698DC660059EA97 /* MosaicDataView.m in Sources */,
				6731CA571698DC660059EA97 /* MosaicView.m in Sources */,
			);
			runOnlyForDeploymentPostprocessing = 0;
		};
/* End PBXSourcesBuildPhase section */

/* Begin PBXVariantGroup section */
		6741717D1634B6AF002A8B4A /* InfoPlist.strings */ = {
			isa = PBXVariantGroup;
			children = (
				6741717E1634B6AF002A8B4A /* en */,
			);
			name = InfoPlist.strings;
			sourceTree = "<group>";
		};
/* End PBXVariantGroup section */

/* Begin XCBuildConfiguration section */
		674171921634B6AF002A8B4A /* Debug */ = {
			isa = XCBuildConfiguration;
			buildSettings = {
				ALWAYS_SEARCH_USER_PATHS = NO;
				CLANG_CXX_LANGUAGE_STANDARD = "gnu++0x";
				CLANG_CXX_LIBRARY = "libc++";
				CLANG_ENABLE_OBJC_ARC = YES;
				CLANG_WARN_EMPTY_BODY = YES;
				CLANG_WARN__DUPLICATE_METHOD_MATCH = YES;
				"CODE_SIGN_IDENTITY[sdk=iphoneos*]" = "iPhone Developer";
				COPY_PHASE_STRIP = NO;
				GCC_C_LANGUAGE_STANDARD = gnu99;
				GCC_DYNAMIC_NO_PIC = NO;
				GCC_OPTIMIZATION_LEVEL = 0;
				GCC_PREPROCESSOR_DEFINITIONS = (
					"DEBUG=1",
					"$(inherited)",
				);
				GCC_SYMBOLS_PRIVATE_EXTERN = NO;
				GCC_WARN_ABOUT_RETURN_TYPE = YES;
				GCC_WARN_UNINITIALIZED_AUTOS = YES;
				GCC_WARN_UNUSED_VARIABLE = YES;
				IPHONEOS_DEPLOYMENT_TARGET = 6.0;
				SDKROOT = iphoneos;
			};
			name = Debug;
		};
		674171931634B6AF002A8B4A /* Release */ = {
			isa = XCBuildConfiguration;
			buildSettings = {
				ALWAYS_SEARCH_USER_PATHS = NO;
				CLANG_CXX_LANGUAGE_STANDARD = "gnu++0x";
				CLANG_CXX_LIBRARY = "libc++";
				CLANG_ENABLE_OBJC_ARC = YES;
				CLANG_WARN_EMPTY_BODY = YES;
				CLANG_WARN__DUPLICATE_METHOD_MATCH = YES;
				"CODE_SIGN_IDENTITY[sdk=iphoneos*]" = "iPhone Developer";
				COPY_PHASE_STRIP = YES;
				GCC_C_LANGUAGE_STANDARD = gnu99;
				GCC_WARN_ABOUT_RETURN_TYPE = YES;
				GCC_WARN_UNINITIALIZED_AUTOS = YES;
				GCC_WARN_UNUSED_VARIABLE = YES;
				IPHONEOS_DEPLOYMENT_TARGET = 6.0;
				OTHER_CFLAGS = "-DNS_BLOCK_ASSERTIONS=1";
				SDKROOT = iphoneos;
				VALIDATE_PRODUCT = YES;
			};
			name = Release;
		};
		674171951634B6AF002A8B4A /* Debug */ = {
			isa = XCBuildConfiguration;
			buildSettings = {
				CODE_SIGN_IDENTITY = "iPhone Developer";
				GCC_PRECOMPILE_PREFIX_HEADER = YES;
				GCC_PREFIX_HEADER = "MosaicUI/MosaicUI-Prefix.pch";
				INFOPLIST_FILE = "MosaicUI/MosaicUI-Info.plist";
				IPHONEOS_DEPLOYMENT_TARGET = 5.0;
				PRODUCT_NAME = "$(TARGET_NAME)";
				PROVISIONING_PROFILE = "";
				TARGETED_DEVICE_FAMILY = "1,2";
				WRAPPER_EXTENSION = app;
			};
			name = Debug;
		};
		674171961634B6AF002A8B4A /* Release */ = {
			isa = XCBuildConfiguration;
			buildSettings = {
				CODE_SIGN_IDENTITY = "iPhone Developer";
				GCC_PRECOMPILE_PREFIX_HEADER = YES;
				GCC_PREFIX_HEADER = "MosaicUI/MosaicUI-Prefix.pch";
				INFOPLIST_FILE = "MosaicUI/MosaicUI-Info.plist";
				IPHONEOS_DEPLOYMENT_TARGET = 5.0;
				PRODUCT_NAME = "$(TARGET_NAME)";
				PROVISIONING_PROFILE = "";
				TARGETED_DEVICE_FAMILY = "1,2";
				WRAPPER_EXTENSION = app;
			};
			name = Release;
		};
/* End XCBuildConfiguration section */

/* Begin XCConfigurationList section */
		6741716A1634B6AF002A8B4A /* Build configuration list for PBXProject "MosaicUI" */ = {
			isa = XCConfigurationList;
			buildConfigurations = (
				674171921634B6AF002A8B4A /* Debug */,
				674171931634B6AF002A8B4A /* Release */,
			);
			defaultConfigurationIsVisible = 0;
			defaultConfigurationName = Release;
		};
		674171941634B6AF002A8B4A /* Build configuration list for PBXNativeTarget "MosaicUI" */ = {
			isa = XCConfigurationList;
			buildConfigurations = (
				674171951634B6AF002A8B4A /* Debug */,
				674171961634B6AF002A8B4A /* Release */,
			);
			defaultConfigurationIsVisible = 0;
			defaultConfigurationName = Release;
		};
/* End XCConfigurationList section */
	};
	rootObject = 674171671634B6AF002A8B4A /* Project object */;
}
